hash: 7e8e1debdd76b2ea0ee854827d205b365d9bba6348700abcada5884bd82f9677
updated: 2017-05-11T18:30:36.938737855Z
imports:
- name: github.com/go-yaml/yaml.git
  version: cd8b52f8269e0feb286dfeef29f8fe4d5b397e0b
- name: gopkg.in/src-d/go-git.v4
  version: 36c78b9d1b1eea682703fb1cbb0f4f3144354389
- name: gopkg.in/yaml.v2
  version: cd8b52f8269e0feb286dfeef29f8fe4d5b397e0b
testImports: []
